
Microsoft Visual Studio Solution File, Format Version 12.00
# Visual Studio Version 16
VisualStudioVersion = 16.0.29424.173
MinimumVisualStudioVersion = 10.0.40219.1
Project("{9A19103F-16F7-4668-BE54-9A1E7A4F7556}") = "blazor-sandbox", "blazor-sandbox\blazor-sandbox.csproj", "{AAB9E66D-183B-47FC-BBEF-C4CD46347AAF}"
EndProject
Project("{9A19103F-16F7-4668-BE54-9A1E7A4F7556}") = "data-sandbox", "data-sandbox\data-sandbox.csproj", "{FB8CB4F0-6003-4D29-95C9-B5192632B3A2}"
EndProject
Project("{E53339B2-1760-4266-BCC7-CA923CBCF16C}") = "docker-compose", "docker-compose.dcproj", "{08CFE9A0-091F-4C4B-ADA0-7170540B4E03}"
EndProject
Project("{9A19103F-16F7-4668-BE54-9A1E7A4F7556}") = "grpc-sandbox", "grpc-sandbox\grpc-sandbox.csproj", "{928E57B8-3548-41B9-A61C-761956D9D74E}"
EndProject
Project("{9A19103F-16F7-4668-BE54-9A1E7A4F7556}") = "data-model", "data-model\data-model.csproj", "{C96C1FEF-5C83-44B5-83A8-B6BA7373E887}"
EndProject
Project("{9A19103F-16F7-4668-BE54-9A1E7A4F7556}") = "signalr-sandbox", "signalr-sandbox\signalr-sandbox.csproj", "{C46D7D66-BB7E-4566-88A8-1A5A178E6E1E}"
EndProject
Project("{9A19103F-16F7-4668-BE54-9A1E7A4F7556}") = "toolbox", "toolbox\toolbox.csproj", "{685CF1AA-4DCB-49F4-AA4A-B59A1F50AD1C}"
EndProject
Project("{FAE04EC0-301F-11D3-BF4B-00C04F79EFBC}") = "data-service", "data-service\data-service.csproj", "{D8322C7C-8709-4F69-B3F4-627E97130EC3}"
EndProject
Project("{FAE04EC0-301F-11D3-BF4B-00C04F79EFBC}") = "gRPC-client", "gRPC-client\gRPC-client.csproj", "{D7E79A19-C7D8-4DB1-9904-F846E451EC27}"
EndProject
Project("{FAE04EC0-301F-11D3-BF4B-00C04F79EFBC}") = "razor-components-sandbox", "razor-components-sandbox\razor-components-sandbox.csproj", "{0519BDC0-5C92-46A6-80AD-D9A61A200881}"
EndProject
Global
	GlobalSection(SolutionConfigurationPlatforms) = preSolution
		Debug|Any CPU = Debug|Any CPU
		Release|Any CPU = Release|Any CPU
	EndGlobalSection
	GlobalSection(ProjectConfigurationPlatforms) = postSolution
		{AAB9E66D-183B-47FC-BBEF-C4CD46347AAF}.Debug|Any CPU.ActiveCfg = Debug|Any CPU
		{AAB9E66D-183B-47FC-BBEF-C4CD46347AAF}.Debug|Any CPU.Build.0 = Debug|Any CPU
		{AAB9E66D-183B-47FC-BBEF-C4CD46347AAF}.Release|Any CPU.ActiveCfg = Release|Any CPU
		{AAB9E66D-183B-47FC-BBEF-C4CD46347AAF}.Release|Any CPU.Build.0 = Release|Any CPU
		{FB8CB4F0-6003-4D29-95C9-B5192632B3A2}.Debug|Any CPU.ActiveCfg = Debug|Any CPU
		{FB8CB4F0-6003-4D29-95C9-B5192632B3A2}.Debug|Any CPU.Build.0 = Debug|Any CPU
		{FB8CB4F0-6003-4D29-95C9-B5192632B3A2}.Release|Any CPU.ActiveCfg = Release|Any CPU
		{FB8CB4F0-6003-4D29-95C9-B5192632B3A2}.Release|Any CPU.Build.0 = Release|Any CPU
		{08CFE9A0-091F-4C4B-ADA0-7170540B4E03}.Debug|Any CPU.ActiveCfg = Debug|Any CPU
		{08CFE9A0-091F-4C4B-ADA0-7170540B4E03}.Debug|Any CPU.Build.0 = Debug|Any CPU
		{08CFE9A0-091F-4C4B-ADA0-7170540B4E03}.Release|Any CPU.ActiveCfg = Release|Any CPU
		{08CFE9A0-091F-4C4B-ADA0-7170540B4E03}.Release|Any CPU.Build.0 = Release|Any CPU
		{928E57B8-3548-41B9-A61C-761956D9D74E}.Debug|Any CPU.ActiveCfg = Debug|Any CPU
		{928E57B8-3548-41B9-A61C-761956D9D74E}.Debug|Any CPU.Build.0 = Debug|Any CPU
		{928E57B8-3548-41B9-A61C-761956D9D74E}.Release|Any CPU.ActiveCfg = Release|Any CPU
		{928E57B8-3548-41B9-A61C-761956D9D74E}.Release|Any CPU.Build.0 = Release|Any CPU
		{C96C1FEF-5C83-44B5-83A8-B6BA7373E887}.Debug|Any CPU.ActiveCfg = Debug|Any CPU
		{C96C1FEF-5C83-44B5-83A8-B6BA7373E887}.Debug|Any CPU.Build.0 = Debug|Any CPU
		{C96C1FEF-5C83-44B5-83A8-B6BA7373E887}.Release|Any CPU.ActiveCfg = Release|Any CPU
		{C96C1FEF-5C83-44B5-83A8-B6BA7373E887}.Release|Any CPU.Build.0 = Release|Any CPU
		{C46D7D66-BB7E-4566-88A8-1A5A178E6E1E}.Debug|Any CPU.ActiveCfg = Debug|Any CPU
		{C46D7D66-BB7E-4566-88A8-1A5A178E6E1E}.Debug|Any CPU.Build.0 = Debug|Any CPU
		{C46D7D66-BB7E-4566-88A8-1A5A178E6E1E}.Release|Any CPU.ActiveCfg = Release|Any CPU
		{C46D7D66-BB7E-4566-88A8-1A5A178E6E1E}.Release|Any CPU.Build.0 = Release|Any CPU
		{685CF1AA-4DCB-49F4-AA4A-B59A1F50AD1C}.Debug|Any CPU.ActiveCfg = Debug|Any CPU
		{685CF1AA-4DCB-49F4-AA4A-B59A1F50AD1C}.Debug|Any CPU.Build.0 = Debug|Any CPU
		{685CF1AA-4DCB-49F4-AA4A-B59A1F50AD1C}.Release|Any CPU.ActiveCfg = Release|Any CPU
		{685CF1AA-4DCB-49F4-AA4A-B59A1F50AD1C}.Release|Any CPU.Build.0 = Release|Any CPU
		{D8322C7C-8709-4F69-B3F4-627E97130EC3}.Debug|Any CPU.ActiveCfg = Debug|Any CPU
		{D8322C7C-8709-4F69-B3F4-627E97130EC3}.Debug|Any CPU.Build.0 = Debug|Any CPU
		{D8322C7C-8709-4F69-B3F4-627E97130EC3}.Release|Any CPU.ActiveCfg = Release|Any CPU
		{D8322C7C-8709-4F69-B3F4-627E97130EC3}.Release|Any CPU.Build.0 = Release|Any CPU
		{D7E79A19-C7D8-4DB1-9904-F846E451EC27}.Debug|Any CPU.ActiveCfg = Debug|Any CPU
		{D7E79A19-C7D8-4DB1-9904-F846E451EC27}.Debug|Any CPU.Build.0 = Debug|Any CPU
		{D7E79A19-C7D8-4DB1-9904-F846E451EC27}.Release|Any CPU.ActiveCfg = Release|Any CPU
		{D7E79A19-C7D8-4DB1-9904-F846E451EC27}.Release|Any CPU.Build.0 = Release|Any CPU
		{0519BDC0-5C92-46A6-80AD-D9A61A200881}.Debug|Any CPU.ActiveCfg = Debug|Any CPU
		{0519BDC0-5C92-46A6-80AD-D9A61A200881}.Debug|Any CPU.Build.0 = Debug|Any CPU
		{0519BDC0-5C92-46A6-80AD-D9A61A200881}.Release|Any CPU.ActiveCfg = Release|Any CPU
		{0519BDC0-5C92-46A6-80AD-D9A61A200881}.Release|Any CPU.Build.0 = Release|Any CPU
	EndGlobalSection
	GlobalSection(SolutionProperties) = preSolution
		HideSolutionNode = FALSE
	EndGlobalSection
	GlobalSection(ExtensibilityGlobals) = postSolution
		SolutionGuid = {C6E53DB8-11FD-4F14-892B-EFC458261211}
	EndGlobalSection
EndGlobal
